
Microsoft Visual Studio Solution File, Format Version 12.00
# Visual Studio Version 16
VisualStudioVersion = 16.0.29519.87
MinimumVisualStudioVersion = 10.0.40219.1
Project("{FAE04EC0-301F-11D3-BF4B-00C04F79EFBC}") = "IOC.NOT.DependenceInjection.MySamples", "IOC.NOT.DependenceInjection.MySamples\IOC.NOT.DependenceInjection.MySamples.csproj", "{DEA51D93-2806-4A32-A57F-896BDF0D5DE2}"
EndProject
Global
	GlobalSection(SolutionConfigurationPlatforms) = preSolution
		Debug|Any CPU = Debug|Any CPU
		Release|Any CPU = Release|Any CPU
	EndGlobalSection
	GlobalSection(ProjectConfigurationPlatforms) = postSolution
		{DEA51D93-2806-4A32-A57F-896BDF0D5DE2}.Debug|Any CPU.ActiveCfg = Debug|Any CPU
		{DEA51D93-2806-4A32-A57F-896BDF0D5DE2}.Debug|Any CPU.Build.0 = Debug|Any CPU
		{DEA51D93-2806-4A32-A57F-896BDF0D5DE2}.Release|Any CPU.ActiveCfg = Release|Any CPU
		{DEA51D93-2806-4A32-A57F-896BDF0D5DE2}.Release|Any CPU.Build.0 = Release|Any CPU
	EndGlobalSection
	GlobalSection(SolutionProperties) = preSolution
		HideSolutionNode = FALSE
	EndGlobalSection
	GlobalSection(ExtensibilityGlobals) = postSolution
		SolutionGuid = {628ADE4E-506F-493E-858F-360118896989}
	EndGlobalSection
EndGlobal
